
Microsoft Visual Studio Solution File, Format Version 12.00
# Visual Studio Version 17
VisualStudioVersion = 17.7.34009.444
MinimumVisualStudioVersion = 10.0.40219.1
Project("{FAE04EC0-301F-11D3-BF4B-00C04F79EFBC}") = "PagHiper", "Src\PagHiper\PagHiper.csproj", "{AB7C383A-2C58-4175-AE84-66BB7F95F2C9}"
EndProject
Global
	GlobalSection(SolutionConfigurationPlatforms) = preSolution
		Debug|Any CPU = Debug|Any CPU
		Release|Any CPU = Release|Any CPU
	EndGlobalSection
	GlobalSection(ProjectConfigurationPlatforms) = postSolution
		{AB7C383A-2C58-4175-AE84-66BB7F95F2C9}.Debug|Any CPU.ActiveCfg = Debug|Any CPU
		{AB7C383A-2C58-4175-AE84-66BB7F95F2C9}.Debug|Any CPU.Build.0 = Debug|Any CPU
		{AB7C383A-2C58-4175-AE84-66BB7F95F2C9}.Release|Any CPU.ActiveCfg = Release|Any CPU
		{AB7C383A-2C58-4175-AE84-66BB7F95F2C9}.Release|Any CPU.Build.0 = Release|Any CPU
	EndGlobalSection
	GlobalSection(SolutionProperties) = preSolution
		HideSolutionNode = FALSE
	EndGlobalSection
	GlobalSection(ExtensibilityGlobals) = postSolution
		SolutionGuid = {FAED9451-23AB-4203-9C2F-87BC98A51D2E}
	EndGlobalSection
EndGlobal
